
Microsoft Visual Studio Solution File, Format Version 12.00
# Visual Studio Version 16
VisualStudioVersion = 16.0.32413.511
MinimumVisualStudioVersion = 10.0.40219.1
Project("{FAE04EC0-301F-11D3-BF4B-00C04F79EFBC}") = "ConsoleAppEjercicio2", "ConsoleAppEjercicio2\ConsoleAppEjercicio2.csproj", "{0AB586C6-FDE4-48F6-B28A-25925535524C}"
EndProject
Global
	GlobalSection(SolutionConfigurationPlatforms) = preSolution
		Debug|Any CPU = Debug|Any CPU
		Release|Any CPU = Release|Any CPU
	EndGlobalSection
	GlobalSection(ProjectConfigurationPlatforms) = postSolution
		{0AB586C6-FDE4-48F6-B28A-25925535524C}.Debug|Any CPU.ActiveCfg = Debug|Any CPU
		{0AB586C6-FDE4-48F6-B28A-25925535524C}.Debug|Any CPU.Build.0 = Debug|Any CPU
		{0AB586C6-FDE4-48F6-B28A-25925535524C}.Release|Any CPU.ActiveCfg = Release|Any CPU
		{0AB586C6-FDE4-48F6-B28A-25925535524C}.Release|Any CPU.Build.0 = Release|Any CPU
	EndGlobalSection
	GlobalSection(SolutionProperties) = preSolution
		HideSolutionNode = FALSE
	EndGlobalSection
	GlobalSection(ExtensibilityGlobals) = postSolution
		SolutionGuid = {F4799ED1-3976-4AC1-818B-5C9E29DDBE0F}
	EndGlobalSection
EndGlobal
